// !$*UTF8*$!
{
	archiveVersion = 1;
	classes = {
	};
	objectVersion = 56;
	objects = {

/* Begin PBXBuildFile section */
		0BCEA3B52988D18F00CE7064 /* HomeViewController.swift in Sources */ = {isa = PBXBuildFile; fileRef = 0BCEA3B42988D18F00CE7064 /* HomeViewController.swift */; };
		0BCEA3B72988D1A700CE7064 /* GuideViewController.swift in Sources */ = {isa = PBXBuildFile; fileRef = 0BCEA3B62988D1A700CE7064 /* GuideViewController.swift */; };
		0BCEA3BD2988D86100CE7064 /* Chewy.ttf in Resources */ = {isa = PBXBuildFile; fileRef = 0BCEA3BC2988D86100CE7064 /* Chewy.ttf */; };
		0BCEA3C02988D9D900CE7064 /* LeagueSpartan.ttf in Resources */ = {isa = PBXBuildFile; fileRef = 0BCEA3BF2988D9D900CE7064 /* LeagueSpartan.ttf */; };
		0BE8D7AD2982FAC300BCEFE5 /* AppDelegate.swift in Sources */ = {isa = PBXBuildFile; fileRef = 0BE8D7AC2982FAC300BCEFE5 /* AppDelegate.swift */; };
		0BE8D7AF2982FAC300BCEFE5 /* art.scnassets in Resources */ = {isa = PBXBuildFile; fileRef = 0BE8D7AE2982FAC300BCEFE5 /* art.scnassets */; };
		0BE8D7B12982FAC300BCEFE5 /* ARViewController.swift in Sources */ = {isa = PBXBuildFile; fileRef = 0BE8D7B02982FAC300BCEFE5 /* ARViewController.swift */; };
		0BE8D7B42982FAC300BCEFE5 /* Main.storyboard in Resources */ = {isa = PBXBuildFile; fileRef = 0BE8D7B22982FAC300BCEFE5 /* Main.storyboard */; };
		0BE8D7B62982FAC400BCEFE5 /* Assets.xcassets in Resources */ = {isa = PBXBuildFile; fileRef = 0BE8D7B52982FAC400BCEFE5 /* Assets.xcassets */; };
		0BE8D7B92982FAC400BCEFE5 /* LaunchScreen.storyboard in Resources */ = {isa = PBXBuildFile; fileRef = 0BE8D7B72982FAC400BCEFE5 /* LaunchScreen.storyboard */; };
		C33C244D2999FB1C00D5781B /* page14.m4a in Resources */ = {isa = PBXBuildFile; fileRef = C33C244C2999FB1C00D5781B /* page14.m4a */; };
		C33C245A2999FB3300D5781B /* page06.m4a in Resources */ = {isa = PBXBuildFile; fileRef = C33C244E2999FB3100D5781B /* page06.m4a */; };
		C33C245B2999FB3300D5781B /* page08.m4a in Resources */ = {isa = PBXBuildFile; fileRef = C33C244F2999FB3100D5781B /* page08.m4a */; };
		C33C245C2999FB3300D5781B /* page11.m4a in Resources */ = {isa = PBXBuildFile; fileRef = C33C24502999FB3100D5781B /* page11.m4a */; };
		C33C245D2999FB3300D5781B /* page10.m4a in Resources */ = {isa = PBXBuildFile; fileRef = C33C24512999FB3100D5781B /* page10.m4a */; };
		C33C245E2999FB3300D5781B /* page09.m4a in Resources */ = {isa = PBXBuildFile; fileRef = C33C24522999FB3200D5781B /* page09.m4a */; };
		C33C245F2999FB3300D5781B /* page02.m4a in Resources */ = {isa = PBXBuildFile; fileRef = C33C24532999FB3200D5781B /* page02.m4a */; };
		C33C24602999FB3300D5781B /* page04.m4a in Resources */ = {isa = PBXBuildFile; fileRef = C33C24542999FB3200D5781B /* page04.m4a */; };
		C33C24612999FB3300D5781B /* page13.m4a in Resources */ = {isa = PBXBuildFile; fileRef = C33C24552999FB3200D5781B /* page13.m4a */; };
		C33C24622999FB3300D5781B /* page05.m4a in Resources */ = {isa = PBXBuildFile; fileRef = C33C24562999FB3300D5781B /* page05.m4a */; };
		C33C24632999FB3300D5781B /* page03.m4a in Resources */ = {isa = PBXBuildFile; fileRef = C33C24572999FB3300D5781B /* page03.m4a */; };
		C33C24642999FB3300D5781B /* page12.m4a in Resources */ = {isa = PBXBuildFile; fileRef = C33C24582999FB3300D5781B /* page12.m4a */; };
		C33C24652999FB3300D5781B /* Cover.m4a in Resources */ = {isa = PBXBuildFile; fileRef = C33C24592999FB3300D5781B /* Cover.m4a */; };
		C33C24672999FB4E00D5781B /* page15.m4a in Resources */ = {isa = PBXBuildFile; fileRef = C33C24662999FB4E00D5781B /* page15.m4a */; };
		C33C24692999FB6300D5781B /* page16.m4a in Resources */ = {isa = PBXBuildFile; fileRef = C33C24682999FB6300D5781B /* page16.m4a */; };
		C33C24792999FB7E00D5781B /* page28.m4a in Resources */ = {isa = PBXBuildFile; fileRef = C33C246A2999FB7B00D5781B /* page28.m4a */; };
		C33C247A2999FB7E00D5781B /* page30.m4a in Resources */ = {isa = PBXBuildFile; fileRef = C33C246B2999FB7B00D5781B /* page30.m4a */; };
		C33C247B2999FB7E00D5781B /* page32.m4a in Resources */ = {isa = PBXBuildFile; fileRef = C33C246C2999FB7B00D5781B /* page32.m4a */; };
		C33C247C2999FB7E00D5781B /* page29.m4a in Resources */ = {isa = PBXBuildFile; fileRef = C33C246D2999FB7C00D5781B /* page29.m4a */; };
		C33C247D2999FB7E00D5781B /* page25.m4a in Resources */ = {isa = PBXBuildFile; fileRef = C33C246E2999FB7C00D5781B /* page25.m4a */; };
		C33C247E2999FB7E00D5781B /* page22.m4a in Resources */ = {isa = PBXBuildFile; fileRef = C33C246F2999FB7C00D5781B /* page22.m4a */; };
		C33C247F2999FB7E00D5781B /* page17.m4a in Resources */ = {isa = PBXBuildFile; fileRef = C33C24702999FB7C00D5781B /* page17.m4a */; };
		C33C24802999FB7E00D5781B /* page26.m4a in Resources */ = {isa = PBXBuildFile; fileRef = C33C24712999FB7D00D5781B /* page26.m4a */; };
		C33C24812999FB7E00D5781B /* page23.m4a in Resources */ = {isa = PBXBuildFile; fileRef = C33C24722999FB7D00D5781B /* page23.m4a */; };
		C33C24822999FB7E00D5781B /* page24.m4a in Resources */ = {isa = PBXBuildFile; fileRef = C33C24732999FB7D00D5781B /* page24.m4a */; };
		C33C24832999FB7E00D5781B /* page31.m4a in Resources */ = {isa = PBXBuildFile; fileRef = C33C24742999FB7D00D5781B /* page31.m4a */; };
		C33C24842999FB7E00D5781B /* page21.m4a in Resources */ = {isa = PBXBuildFile; fileRef = C33C24752999FB7E00D5781B /* page21.m4a */; };
		C33C24852999FB7E00D5781B /* page20.m4a in Resources */ = {isa = PBXBuildFile; fileRef = C33C24762999FB7E00D5781B /* page20.m4a */; };
		C33C24862999FB7E00D5781B /* page27.m4a in Resources */ = {isa = PBXBuildFile; fileRef = C33C24772999FB7E00D5781B /* page27.m4a */; };
		C33C24872999FB7E00D5781B /* page18_19.m4a in Resources */ = {isa = PBXBuildFile; fileRef = C33C24782999FB7E00D5781B /* page18_19.m4a */; };
		C3B2CC8A29A5CD180012BB08 /* tutorial.txt in Resources */ = {isa = PBXBuildFile; fileRef = C3B2CC8929A5CD170012BB08 /* tutorial.txt */; };
		CCC527B529A6AF82006E76B3 /* ModelsRotation.swift in Sources */ = {isa = PBXBuildFile; fileRef = CCC527B429A6AF82006E76B3 /* ModelsRotation.swift */; };
/* End PBXBuildFile section */

/* Begin PBXFileReference section */
		0BCEA3B42988D18F00CE7064 /* HomeViewController.swift */ = {isa = PBXFileReference; lastKnownFileType = sourcecode.swift; path = HomeViewController.swift; sourceTree = "<group>"; };
		0BCEA3B62988D1A700CE7064 /* GuideViewController.swift */ = {isa = PBXFileReference; lastKnownFileType = sourcecode.swift; path = GuideViewController.swift; sourceTree = "<group>"; };
		0BCEA3BC2988D86100CE7064 /* Chewy.ttf */ = {isa = PBXFileReference; lastKnownFileType = file; path = Chewy.ttf; sourceTree = "<group>"; };
		0BCEA3BE2988D94F00CE7064 /* Info.plist */ = {isa = PBXFileReference; lastKnownFileType = text.plist; path = Info.plist; sourceTree = "<group>"; };
		0BCEA3BF2988D9D900CE7064 /* LeagueSpartan.ttf */ = {isa = PBXFileReference; lastKnownFileType = file; path = LeagueSpartan.ttf; sourceTree = "<group>"; };
		0BE8D7A92982FAC300BCEFE5 /* AR-Storybook.app */ = {isa = PBXFileReference; explicitFileType = wrapper.application; includeInIndex = 0; path = "AR-Storybook.app"; sourceTree = BUILT_PRODUCTS_DIR; };
		0BE8D7AC2982FAC300BCEFE5 /* AppDelegate.swift */ = {isa = PBXFileReference; lastKnownFileType = sourcecode.swift; path = AppDelegate.swift; sourceTree = "<group>"; };
		0BE8D7AE2982FAC300BCEFE5 /* art.scnassets */ = {isa = PBXFileReference; lastKnownFileType = wrapper.scnassets; name = art.scnassets; path = "AR-Storybook/art.scnassets"; sourceTree = SOURCE_ROOT; };
		0BE8D7B02982FAC300BCEFE5 /* ARViewController.swift */ = {isa = PBXFileReference; lastKnownFileType = sourcecode.swift; path = ARViewController.swift; sourceTree = "<group>"; };
		0BE8D7B32982FAC300BCEFE5 /* Base */ = {isa = PBXFileReference; lastKnownFileType = file.storyboard; name = Base; path = Base.lproj/Main.storyboard; sourceTree = "<group>"; };
		0BE8D7B52982FAC400BCEFE5 /* Assets.xcassets */ = {isa = PBXFileReference; lastKnownFileType = folder.assetcatalog; path = Assets.xcassets; sourceTree = "<group>"; };
		0BE8D7B82982FAC400BCEFE5 /* Base */ = {isa = PBXFileReference; lastKnownFileType = file.storyboard; name = Base; path = Base.lproj/LaunchScreen.storyboard; sourceTree = "<group>"; };
		C33C244C2999FB1C00D5781B /* page14.m4a */ = {isa = PBXFileReference; lastKnownFileType = file; path = page14.m4a; sourceTree = "<group>"; };
		C33C244E2999FB3100D5781B /* page06.m4a */ = {isa = PBXFileReference; lastKnownFileType = file; path = page06.m4a; sourceTree = "<group>"; };
		C33C244F2999FB3100D5781B /* page08.m4a */ = {isa = PBXFileReference; lastKnownFileType = file; path = page08.m4a; sourceTree = "<group>"; };
		C33C24502999FB3100D5781B /* page11.m4a */ = {isa = PBXFileReference; lastKnownFileType = file; path = page11.m4a; sourceTree = "<group>"; };
		C33C24512999FB3100D5781B /* page10.m4a */ = {isa = PBXFileReference; lastKnownFileType = file; path = page10.m4a; sourceTree = "<group>"; };
		C33C24522999FB3200D5781B /* page09.m4a */ = {isa = PBXFileReference; lastKnownFileType = file; path = page09.m4a; sourceTree = "<group>"; };
		C33C24532999FB3200D5781B /* page02.m4a */ = {isa = PBXFileReference; lastKnownFileType = file; path = page02.m4a; sourceTree = "<group>"; };
		C33C24542999FB3200D5781B /* page04.m4a */ = {isa = PBXFileReference; lastKnownFileType = file; path = page04.m4a; sourceTree = "<group>"; };
		C33C24552999FB3200D5781B /* page13.m4a */ = {isa = PBXFileReference; lastKnownFileType = file; path = page13.m4a; sourceTree = "<group>"; };
		C33C24562999FB3300D5781B /* page05.m4a */ = {isa = PBXFileReference; lastKnownFileType = file; path = page05.m4a; sourceTree = "<group>"; };
		C33C24572999FB3300D5781B /* page03.m4a */ = {isa = PBXFileReference; lastKnownFileType = file; path = page03.m4a; sourceTree = "<group>"; };
		C33C24582999FB3300D5781B /* page12.m4a */ = {isa = PBXFileReference; lastKnownFileType = file; path = page12.m4a; sourceTree = "<group>"; };
		C33C24592999FB3300D5781B /* Cover.m4a */ = {isa = PBXFileReference; lastKnownFileType = file; path = Cover.m4a; sourceTree = "<group>"; };
		C33C24662999FB4E00D5781B /* page15.m4a */ = {isa = PBXFileReference; lastKnownFileType = file; path = page15.m4a; sourceTree = "<group>"; };
		C33C24682999FB6300D5781B /* page16.m4a */ = {isa = PBXFileReference; lastKnownFileType = file; path = page16.m4a; sourceTree = "<group>"; };
		C33C246A2999FB7B00D5781B /* page28.m4a */ = {isa = PBXFileReference; lastKnownFileType = file; path = page28.m4a; sourceTree = "<group>"; };
		C33C246B2999FB7B00D5781B /* page30.m4a */ = {isa = PBXFileReference; lastKnownFileType = file; path = page30.m4a; sourceTree = "<group>"; };
		C33C246C2999FB7B00D5781B /* page32.m4a */ = {isa = PBXFileReference; lastKnownFileType = file; path = page32.m4a; sourceTree = "<group>"; };
		C33C246D2999FB7C00D5781B /* page29.m4a */ = {isa = PBXFileReference; lastKnownFileType = file; path = page29.m4a; sourceTree = "<group>"; };
		C33C246E2999FB7C00D5781B /* page25.m4a */ = {isa = PBXFileReference; lastKnownFileType = file; path = page25.m4a; sourceTree = "<group>"; };
		C33C246F2999FB7C00D5781B /* page22.m4a */ = {isa = PBXFileReference; lastKnownFileType = file; path = page22.m4a; sourceTree = "<group>"; };
		C33C24702999FB7C00D5781B /* page17.m4a */ = {isa = PBXFileReference; lastKnownFileType = file; path = page17.m4a; sourceTree = "<group>"; };
		C33C24712999FB7D00D5781B /* page26.m4a */ = {isa = PBXFileReference; lastKnownFileType = file; path = page26.m4a; sourceTree = "<group>"; };
		C33C24722999FB7D00D5781B /* page23.m4a */ = {isa = PBXFileReference; lastKnownFileType = file; path = page23.m4a; sourceTree = "<group>"; };
		C33C24732999FB7D00D5781B /* page24.m4a */ = {isa = PBXFileReference; lastKnownFileType = file; path = page24.m4a; sourceTree = "<group>"; };
		C33C24742999FB7D00D5781B /* page31.m4a */ = {isa = PBXFileReference; lastKnownFileType = file; path = page31.m4a; sourceTree = "<group>"; };
		C33C24752999FB7E00D5781B /* page21.m4a */ = {isa = PBXFileReference; lastKnownFileType = file; path = page21.m4a; sourceTree = "<group>"; };
		C33C24762999FB7E00D5781B /* page20.m4a */ = {isa = PBXFileReference; lastKnownFileType = file; path = page20.m4a; sourceTree = "<group>"; };
		C33C24772999FB7E00D5781B /* page27.m4a */ = {isa = PBXFileReference; lastKnownFileType = file; path = page27.m4a; sourceTree = "<group>"; };
		C33C24782999FB7E00D5781B /* page18_19.m4a */ = {isa = PBXFileReference; lastKnownFileType = file; path = page18_19.m4a; sourceTree = "<group>"; };
		C3B2CC8929A5CD170012BB08 /* tutorial.txt */ = {isa = PBXFileReference; fileEncoding = 4; lastKnownFileType = text; path = tutorial.txt; sourceTree = "<group>"; };
		CCC527B429A6AF82006E76B3 /* ModelsRotation.swift */ = {isa = PBXFileReference; lastKnownFileType = sourcecode.swift; path = ModelsRotation.swift; sourceTree = "<group>"; };
/* End PBXFileReference section */

/* Begin PBXFrameworksBuildPhase section */
		0BE8D7A62982FAC300BCEFE5 /* Frameworks */ = {
			isa = PBXFrameworksBuildPhase;
			buildActionMask = 2147483647;
			files = (
			);
			runOnlyForDeploymentPostprocessing = 0;
		};
/* End PBXFrameworksBuildPhase section */

/* Begin PBXGroup section */
		0BCEA3C12988DA9000CE7064 /* Fonts */ = {
			isa = PBXGroup;
			children = (
				0BCEA3BF2988D9D900CE7064 /* LeagueSpartan.ttf */,
				0BCEA3BC2988D86100CE7064 /* Chewy.ttf */,
			);
			path = Fonts;
			sourceTree = "<group>";
		};
		0BE8D7A02982FAC300BCEFE5 = {
			isa = PBXGroup;
			children = (
				0BE8D7AB2982FAC300BCEFE5 /* AR-Storybook */,
				0BE8D7AA2982FAC300BCEFE5 /* Products */,
			);
			sourceTree = "<group>";
		};
		0BE8D7AA2982FAC300BCEFE5 /* Products */ = {
			isa = PBXGroup;
			children = (
				0BE8D7A92982FAC300BCEFE5 /* AR-Storybook.app */,
			);
			name = Products;
			sourceTree = "<group>";
		};
		0BE8D7AB2982FAC300BCEFE5 /* AR-Storybook */ = {
			isa = PBXGroup;
			children = (
				0BCEA3BE2988D94F00CE7064 /* Info.plist */,
				0BE8D7AC2982FAC300BCEFE5 /* AppDelegate.swift */,
				0BE8D7B02982FAC300BCEFE5 /* ARViewController.swift */,
				CCC527B429A6AF82006E76B3 /* ModelsRotation.swift */,
				0BCEA3B42988D18F00CE7064 /* HomeViewController.swift */,
				0BCEA3B62988D1A700CE7064 /* GuideViewController.swift */,
				0BE8D7B22982FAC300BCEFE5 /* Main.storyboard */,
				0BE8D7AE2982FAC300BCEFE5 /* art.scnassets */,
				0BE8D7B52982FAC400BCEFE5 /* Assets.xcassets */,
				C3B2CC8929A5CD170012BB08 /* tutorial.txt */,
				0BE8D7B72982FAC400BCEFE5 /* LaunchScreen.storyboard */,
				C33C244B2999FAF900D5781B /* AudioFiles */,
				0BCEA3C12988DA9000CE7064 /* Fonts */,
			);
			path = "AR-Storybook";
			sourceTree = "<group>";
		};
		C33C244B2999FAF900D5781B /* AudioFiles */ = {
			isa = PBXGroup;
			children = (
				C33C24592999FB3300D5781B /* Cover.m4a */,
				C33C24532999FB3200D5781B /* page02.m4a */,
				C33C24572999FB3300D5781B /* page03.m4a */,
				C33C24542999FB3200D5781B /* page04.m4a */,
				C33C24562999FB3300D5781B /* page05.m4a */,
				C33C244E2999FB3100D5781B /* page06.m4a */,
				C33C244F2999FB3100D5781B /* page08.m4a */,
				C33C24522999FB3200D5781B /* page09.m4a */,
				C33C24512999FB3100D5781B /* page10.m4a */,
				C33C24502999FB3100D5781B /* page11.m4a */,
				C33C24582999FB3300D5781B /* page12.m4a */,
				C33C24552999FB3200D5781B /* page13.m4a */,
				C33C244C2999FB1C00D5781B /* page14.m4a */,
				C33C24662999FB4E00D5781B /* page15.m4a */,
				C33C24682999FB6300D5781B /* page16.m4a */,
				C33C24702999FB7C00D5781B /* page17.m4a */,
				C33C24782999FB7E00D5781B /* page18_19.m4a */,
				C33C24762999FB7E00D5781B /* page20.m4a */,
				C33C24752999FB7E00D5781B /* page21.m4a */,
				C33C246F2999FB7C00D5781B /* page22.m4a */,
				C33C24722999FB7D00D5781B /* page23.m4a */,
				C33C24732999FB7D00D5781B /* page24.m4a */,
				C33C246E2999FB7C00D5781B /* page25.m4a */,
				C33C24712999FB7D00D5781B /* page26.m4a */,
				C33C24772999FB7E00D5781B /* page27.m4a */,
				C33C246A2999FB7B00D5781B /* page28.m4a */,
				C33C246D2999FB7C00D5781B /* page29.m4a */,
				C33C246B2999FB7B00D5781B /* page30.m4a */,
				C33C24742999FB7D00D5781B /* page31.m4a */,
				C33C246C2999FB7B00D5781B /* page32.m4a */,
			);
			path = AudioFiles;
			sourceTree = "<group>";
		};
/* End PBXGroup section */

/* Begin PBXNativeTarget section */
		0BE8D7A82982FAC300BCEFE5 /* AR-Storybook */ = {
			isa = PBXNativeTarget;
			buildConfigurationList = 0BE8D7BC2982FAC400BCEFE5 /* Build configuration list for PBXNativeTarget "AR-Storybook" */;
			buildPhases = (
				0BE8D7A52982FAC300BCEFE5 /* Sources */,
				0BE8D7A62982FAC300BCEFE5 /* Frameworks */,
				0BE8D7A72982FAC300BCEFE5 /* Resources */,
			);
			buildRules = (
			);
			dependencies = (
			);
			name = "AR-Storybook";
			productName = "AR-Storybook";
			productReference = 0BE8D7A92982FAC300BCEFE5 /* AR-Storybook.app */;
			productType = "com.apple.product-type.application";
		};
/* End PBXNativeTarget section */

/* Begin PBXProject section */
		0BE8D7A12982FAC300BCEFE5 /* Project object */ = {
			isa = PBXProject;
			attributes = {
				BuildIndependentTargetsInParallel = 1;
				LastSwiftUpdateCheck = 1420;
				LastUpgradeCheck = 1420;
				TargetAttributes = {
					0BE8D7A82982FAC300BCEFE5 = {
						CreatedOnToolsVersion = 14.2;
					};
				};
			};
			buildConfigurationList = 0BE8D7A42982FAC300BCEFE5 /* Build configuration list for PBXProject "AR-Storybook" */;
			compatibilityVersion = "Xcode 14.0";
			developmentRegion = en;
			hasScannedForEncodings = 0;
			knownRegions = (
				en,
				Base,
			);
			mainGroup = 0BE8D7A02982FAC300BCEFE5;
			productRefGroup = 0BE8D7AA2982FAC300BCEFE5 /* Products */;
			projectDirPath = "";
			projectRoot = "";
			targets = (
				0BE8D7A82982FAC300BCEFE5 /* AR-Storybook */,
			);
		};
/* End PBXProject section */

/* Begin PBXResourcesBuildPhase section */
		0BE8D7A72982FAC300BCEFE5 /* Resources */ = {
			isa = PBXResourcesBuildPhase;
			buildActionMask = 2147483647;
			files = (
				C33C24812999FB7E00D5781B /* page23.m4a in Resources */,
				0BCEA3BD2988D86100CE7064 /* Chewy.ttf in Resources */,
				0BE8D7AF2982FAC300BCEFE5 /* art.scnassets in Resources */,
				C33C245F2999FB3300D5781B /* page02.m4a in Resources */,
				C33C24802999FB7E00D5781B /* page26.m4a in Resources */,
				0BE8D7B92982FAC400BCEFE5 /* LaunchScreen.storyboard in Resources */,
				C3B2CC8A29A5CD180012BB08 /* tutorial.txt in Resources */,
				0BE8D7B62982FAC400BCEFE5 /* Assets.xcassets in Resources */,
				C33C24852999FB7E00D5781B /* page20.m4a in Resources */,
				C33C24872999FB7E00D5781B /* page18_19.m4a in Resources */,
				C33C24822999FB7E00D5781B /* page24.m4a in Resources */,
				C33C24672999FB4E00D5781B /* page15.m4a in Resources */,
				C33C24612999FB3300D5781B /* page13.m4a in Resources */,
				C33C24642999FB3300D5781B /* page12.m4a in Resources */,
				C33C245D2999FB3300D5781B /* page10.m4a in Resources */,
				C33C245A2999FB3300D5781B /* page06.m4a in Resources */,
				C33C247C2999FB7E00D5781B /* page29.m4a in Resources */,
				C33C245C2999FB3300D5781B /* page11.m4a in Resources */,
				C33C247A2999FB7E00D5781B /* page30.m4a in Resources */,
				C33C245B2999FB3300D5781B /* page08.m4a in Resources */,
				C33C247D2999FB7E00D5781B /* page25.m4a in Resources */,
				0BCEA3C02988D9D900CE7064 /* LeagueSpartan.ttf in Resources */,
				C33C24632999FB3300D5781B /* page03.m4a in Resources */,
				C33C24622999FB3300D5781B /* page05.m4a in Resources */,
				C33C24602999FB3300D5781B /* page04.m4a in Resources */,
				C33C244D2999FB1C00D5781B /* page14.m4a in Resources */,
				C33C24842999FB7E00D5781B /* page21.m4a in Resources */,
				C33C24862999FB7E00D5781B /* page27.m4a in Resources */,
				C33C24692999FB6300D5781B /* page16.m4a in Resources */,
				0BE8D7B42982FAC300BCEFE5 /* Main.storyboard in Resources */,
				C33C247E2999FB7E00D5781B /* page22.m4a in Resources */,
				C33C247F2999FB7E00D5781B /* page17.m4a in Resources */,
				C33C24832999FB7E00D5781B /* page31.m4a in Resources */,
				C33C247B2999FB7E00D5781B /* page32.m4a in Resources */,
				C33C245E2999FB3300D5781B /* page09.m4a in Resources */,
				C33C24652999FB3300D5781B /* Cover.m4a in Resources */,
				C33C24792999FB7E00D5781B /* page28.m4a in Resources */,
			);
			runOnlyForDeploymentPostprocessing = 0;
		};
/* End PBXResourcesBuildPhase section */

/* Begin PBXSourcesBuildPhase section */
		0BE8D7A52982FAC300BCEFE5 /* Sources */ = {
			isa = PBXSourcesBuildPhase;
			buildActionMask = 2147483647;
			files = (
				0BE8D7B12982FAC300BCEFE5 /* ARViewController.swift in Sources */,
				0BCEA3B72988D1A700CE7064 /* GuideViewController.swift in Sources */,
				0BE8D7AD2982FAC300BCEFE5 /* AppDelegate.swift in Sources */,
				CCC527B529A6AF82006E76B3 /* ModelsRotation.swift in Sources */,
				0BCEA3B52988D18F00CE7064 /* HomeViewController.swift in Sources */,
			);
			runOnlyForDeploymentPostprocessing = 0;
		};
/* End PBXSourcesBuildPhase section */

/* Begin PBXVariantGroup section */
		0BE8D7B22982FAC300BCEFE5 /* Main.storyboard */ = {
			isa = PBXVariantGroup;
			children = (
				0BE8D7B32982FAC300BCEFE5 /* Base */,
			);
			name = Main.storyboard;
			sourceTree = "<group>";
		};
		0BE8D7B72982FAC400BCEFE5 /* LaunchScreen.storyboard */ = {
			isa = PBXVariantGroup;
			children = (
				0BE8D7B82982FAC400BCEFE5 /* Base */,
			);
			name = LaunchScreen.storyboard;
			sourceTree = "<group>";
		};
/* End PBXVariantGroup section */

/* Begin XCBuildConfiguration section */
		0BE8D7BA2982FAC400BCEFE5 /* Debug */ = {
			isa = XCBuildConfiguration;
			buildSettings = {
				ALWAYS_SEARCH_USER_PATHS = NO;
				CLANG_ANALYZER_NONNULL = YES;
				CLANG_ANALYZER_NUMBER_OBJECT_CONVERSION = YES_AGGRESSIVE;
				CLANG_CXX_LANGUAGE_STANDARD = "gnu++20";
				CLANG_ENABLE_MODULES = YES;
				CLANG_ENABLE_OBJC_ARC = YES;
				CLANG_ENABLE_OBJC_WEAK = YES;
				CLANG_WARN_BLOCK_CAPTURE_AUTORELEASING = YES;
				CLANG_WARN_BOOL_CONVERSION = YES;
				CLANG_WARN_COMMA = YES;
				CLANG_WARN_CONSTANT_CONVERSION = YES;
				CLANG_WARN_DEPRECATED_OBJC_IMPLEMENTATIONS = YES;
				CLANG_WARN_DIRECT_OBJC_ISA_USAGE = YES_ERROR;
				CLANG_WARN_DOCUMENTATION_COMMENTS = YES;
				CLANG_WARN_EMPTY_BODY = YES;
				CLANG_WARN_ENUM_CONVERSION = YES;
				CLANG_WARN_INFINITE_RECURSION = YES;
				CLANG_WARN_INT_CONVERSION = YES;
				CLANG_WARN_NON_LITERAL_NULL_CONVERSION = YES;
				CLANG_WARN_OBJC_IMPLICIT_RETAIN_SELF = YES;
				CLANG_WARN_OBJC_LITERAL_CONVERSION = YES;
				CLANG_WARN_OBJC_ROOT_CLASS = YES_ERROR;
				CLANG_WARN_QUOTED_INCLUDE_IN_FRAMEWORK_HEADER = YES;
				CLANG_WARN_RANGE_LOOP_ANALYSIS = YES;
				CLANG_WARN_STRICT_PROTOTYPES = YES;
				CLANG_WARN_SUSPICIOUS_MOVE = YES;
				CLANG_WARN_UNGUARDED_AVAILABILITY = YES_AGGRESSIVE;
				CLANG_WARN_UNREACHABLE_CODE = YES;
				CLANG_WARN__DUPLICATE_METHOD_MATCH = YES;
				COPY_PHASE_STRIP = NO;
				DEBUG_INFORMATION_FORMAT = dwarf;
				ENABLE_STRICT_OBJC_MSGSEND = YES;
				ENABLE_TESTABILITY = YES;
				GCC_C_LANGUAGE_STANDARD = gnu11;
				GCC_DYNAMIC_NO_PIC = NO;
				GCC_NO_COMMON_BLOCKS = YES;
				GCC_OPTIMIZATION_LEVEL = 0;
				GCC_PREPROCESSOR_DEFINITIONS = (
					"DEBUG=1",
					"$(inherited)",
				);
				GCC_WARN_64_TO_32_BIT_CONVERSION = YES;
				GCC_WARN_ABOUT_RETURN_TYPE = YES_ERROR;
				GCC_WARN_UNDECLARED_SELECTOR = YES;
				GCC_WARN_UNINITIALIZED_AUTOS = YES_AGGRESSIVE;
				GCC_WARN_UNUSED_FUNCTION = YES;
				GCC_WARN_UNUSED_VARIABLE = YES;
				IPHONEOS_DEPLOYMENT_TARGET = 16.2;
				MTL_ENABLE_DEBUG_INFO = INCLUDE_SOURCE;
				MTL_FAST_MATH = YES;
				ONLY_ACTIVE_ARCH = YES;
				SDKROOT = iphoneos;
				SWIFT_ACTIVE_COMPILATION_CONDITIONS = DEBUG;
				SWIFT_OPTIMIZATION_LEVEL = "-Onone";
			};
			name = Debug;
		};
		0BE8D7BB2982FAC400BCEFE5 /* Release */ = {
			isa = XCBuildConfiguration;
			buildSettings = {
				ALWAYS_SEARCH_USER_PATHS = NO;
				CLANG_ANALYZER_NONNULL = YES;
				CLANG_ANALYZER_NUMBER_OBJECT_CONVERSION = YES_AGGRESSIVE;
				CLANG_CXX_LANGUAGE_STANDARD = "gnu++20";
				CLANG_ENABLE_MODULES = YES;
				CLANG_ENABLE_OBJC_ARC = YES;
				CLANG_ENABLE_OBJC_WEAK = YES;
				CLANG_WARN_BLOCK_CAPTURE_AUTORELEASING = YES;
				CLANG_WARN_BOOL_CONVERSION = YES;
				CLANG_WARN_COMMA = YES;
				CLANG_WARN_CONSTANT_CONVERSION = YES;
				CLANG_WARN_DEPRECATED_OBJC_IMPLEMENTATIONS = YES;
				CLANG_WARN_DIRECT_OBJC_ISA_USAGE = YES_ERROR;
				CLANG_WARN_DOCUMENTATION_COMMENTS = YES;
				CLANG_WARN_EMPTY_BODY = YES;
				CLANG_WARN_ENUM_CONVERSION = YES;
				CLANG_WARN_INFINITE_RECURSION = YES;
				CLANG_WARN_INT_CONVERSION = YES;
				CLANG_WARN_NON_LITERAL_NULL_CONVERSION = YES;
				CLANG_WARN_OBJC_IMPLICIT_RETAIN_SELF = YES;
				CLANG_WARN_OBJC_LITERAL_CONVERSION = YES;
				CLANG_WARN_OBJC_ROOT_CLASS = YES_ERROR;
				CLANG_WARN_QUOTED_INCLUDE_IN_FRAMEWORK_HEADER = YES;
				CLANG_WARN_RANGE_LOOP_ANALYSIS = YES;
				CLANG_WARN_STRICT_PROTOTYPES = YES;
				CLANG_WARN_SUSPICIOUS_MOVE = YES;
				CLANG_WARN_UNGUARDED_AVAILABILITY = YES_AGGRESSIVE;
				CLANG_WARN_UNREACHABLE_CODE = YES;
				CLANG_WARN__DUPLICATE_METHOD_MATCH = YES;
				COPY_PHASE_STRIP = NO;
				DEBUG_INFORMATION_FORMAT = "dwarf-with-dsym";
				ENABLE_NS_ASSERTIONS = NO;
				ENABLE_STRICT_OBJC_MSGSEND = YES;
				GCC_C_LANGUAGE_STANDARD = gnu11;
				GCC_NO_COMMON_BLOCKS = YES;
				GCC_WARN_64_TO_32_BIT_CONVERSION = YES;
				GCC_WARN_ABOUT_RETURN_TYPE = YES_ERROR;
				GCC_WARN_UNDECLARED_SELECTOR = YES;
				GCC_WARN_UNINITIALIZED_AUTOS = YES_AGGRESSIVE;
				GCC_WARN_UNUSED_FUNCTION = YES;
				GCC_WARN_UNUSED_VARIABLE = YES;
				IPHONEOS_DEPLOYMENT_TARGET = 16.2;
				MTL_ENABLE_DEBUG_INFO = NO;
				MTL_FAST_MATH = YES;
				SDKROOT = iphoneos;
				SWIFT_COMPILATION_MODE = wholemodule;
				SWIFT_OPTIMIZATION_LEVEL = "-O";
				VALIDATE_PRODUCT = YES;
			};
			name = Release;
		};
		0BE8D7BD2982FAC400BCEFE5 /* Debug */ = {
			isa = XCBuildConfiguration;
			buildSettings = {
				ASSETCATALOG_COMPILER_APPICON_NAME = AppIcon;
				ASSETCATALOG_COMPILER_GLOBAL_ACCENT_COLOR_NAME = AccentColor;
				CODE_SIGN_IDENTITY = "Apple Development";
				CODE_SIGN_STYLE = Automatic;
				CURRENT_PROJECT_VERSION = 1;
				DEVELOPMENT_TEAM = 2J59W23G3R;
				GENERATE_INFOPLIST_FILE = YES;
				INFOPLIST_FILE = "AR-Storybook/Info.plist";
				INFOPLIST_KEY_NSCameraUsageDescription = "";
				INFOPLIST_KEY_UIApplicationSupportsIndirectInputEvents = YES;
				INFOPLIST_KEY_UILaunchStoryboardName = LaunchScreen;
				INFOPLIST_KEY_UIMainStoryboardFile = Main;
				INFOPLIST_KEY_UIRequiredDeviceCapabilities = arkit;
				INFOPLIST_KEY_UIStatusBarHidden = YES;
				INFOPLIST_KEY_UISupportedInterfaceOrientations_iPad = "UIInterfaceOrientationPortrait UIInterfaceOrientationPortraitUpsideDown UIInterfaceOrientationLandscapeLeft UIInterfaceOrientationLandscapeRight";
				INFOPLIST_KEY_UISupportedInterfaceOrientations_iPhone = "UIInterfaceOrientationPortrait UIInterfaceOrientationLandscapeLeft UIInterfaceOrientationLandscapeRight";
				LD_RUNPATH_SEARCH_PATHS = (
					"$(inherited)",
					"@executable_path/Frameworks",
				);
				MARKETING_VERSION = 1.0;
				PRODUCT_BUNDLE_IDENTIFIER = "alm-ar-storybook";
				PRODUCT_NAME = "$(TARGET_NAME)";
				PROVISIONING_PROFILE_SPECIFIER = "";
				SWIFT_EMIT_LOC_STRINGS = YES;
				SWIFT_VERSION = 5.0;
				TARGETED_DEVICE_FAMILY = "1,2";
			};
			name = Debug;
		};
		0BE8D7BE2982FAC400BCEFE5 /* Release */ = {
			isa = XCBuildConfiguration;
			buildSettings = {
				ASSETCATALOG_COMPILER_APPICON_NAME = AppIcon;
				ASSETCATALOG_COMPILER_GLOBAL_ACCENT_COLOR_NAME = AccentColor;
				CODE_SIGN_IDENTITY = "Apple Development";
				CODE_SIGN_STYLE = Automatic;
				CURRENT_PROJECT_VERSION = 1;
				DEVELOPMENT_TEAM = 2J59W23G3R;
				GENERATE_INFOPLIST_FILE = YES;
				INFOPLIST_FILE = "AR-Storybook/Info.plist";
				INFOPLIST_KEY_NSCameraUsageDescription = "";
				INFOPLIST_KEY_UIApplicationSupportsIndirectInputEvents = YES;
				INFOPLIST_KEY_UILaunchStoryboardName = LaunchScreen;
				INFOPLIST_KEY_UIMainStoryboardFile = Main;
				INFOPLIST_KEY_UIRequiredDeviceCapabilities = arkit;
				INFOPLIST_KEY_UIStatusBarHidden = YES;
				INFOPLIST_KEY_UISupportedInterfaceOrientations_iPad = "UIInterfaceOrientationPortrait UIInterfaceOrientationPortraitUpsideDown UIInterfaceOrientationLandscapeLeft UIInterfaceOrientationLandscapeRight";
				INFOPLIST_KEY_UISupportedInterfaceOrientations_iPhone = "UIInterfaceOrientationPortrait UIInterfaceOrientationLandscapeLeft UIInterfaceOrientationLandscapeRight";
				LD_RUNPATH_SEARCH_PATHS = (
					"$(inherited)",
					"@executable_path/Frameworks",
				);
				MARKETING_VERSION = 1.0;
				PRODUCT_BUNDLE_IDENTIFIER = "alm-ar-storybook";
				PRODUCT_NAME = "$(TARGET_NAME)";
				PROVISIONING_PROFILE_SPECIFIER = "";
				SWIFT_EMIT_LOC_STRINGS = YES;
				SWIFT_VERSION = 5.0;
				TARGETED_DEVICE_FAMILY = "1,2";
			};
			name = Release;
		};
/* End XCBuildConfiguration section */

/* Begin XCConfigurationList section */
		0BE8D7A42982FAC300BCEFE5 /* Build configuration list for PBXProject "AR-Storybook" */ = {
			isa = XCConfigurationList;
			buildConfigurations = (
				0BE8D7BA2982FAC400BCEFE5 /* Debug */,
				0BE8D7BB2982FAC400BCEFE5 /* Release */,
			);
			defaultConfigurationIsVisible = 0;
			defaultConfigurationName = Release;
		};
		0BE8D7BC2982FAC400BCEFE5 /* Build configuration list for PBXNativeTarget "AR-Storybook" */ = {
			isa = XCConfigurationList;
			buildConfigurations = (
				0BE8D7BD2982FAC400BCEFE5 /* Debug */,
				0BE8D7BE2982FAC400BCEFE5 /* Release */,
			);
			defaultConfigurationIsVisible = 0;
			defaultConfigurationName = Release;
		};
/* End XCConfigurationList section */
	};
	rootObject = 0BE8D7A12982FAC300BCEFE5 /* Project object */;
}
